
Microsoft Visual Studio Solution File, Format Version 12.00
# Visual Studio Version 17
VisualStudioVersion = 17.0.32112.339
MinimumVisualStudioVersion = 10.0.40219.1
Project("{FAE04EC0-301F-11D3-BF4B-00C04F79EFBC}") = "RTI1W", "RTI1W\RTI1W.csproj", "{BE17BB2D-5E83-4897-A81B-5288EEA9F07F}"
EndProject
Global
	GlobalSection(SolutionConfigurationPlatforms) = preSolution
		Debug|Any CPU = Debug|Any CPU
		Release|Any CPU = Release|Any CPU
	EndGlobalSection
	GlobalSection(ProjectConfigurationPlatforms) = postSolution
		{BE17BB2D-5E83-4897-A81B-5288EEA9F07F}.Debug|Any CPU.ActiveCfg = Debug|Any CPU
		{BE17BB2D-5E83-4897-A81B-5288EEA9F07F}.Debug|Any CPU.Build.0 = Debug|Any CPU
		{BE17BB2D-5E83-4897-A81B-5288EEA9F07F}.Release|Any CPU.ActiveCfg = Release|Any CPU
		{BE17BB2D-5E83-4897-A81B-5288EEA9F07F}.Release|Any CPU.Build.0 = Release|Any CPU
	EndGlobalSection
	GlobalSection(SolutionProperties) = preSolution
		HideSolutionNode = FALSE
	EndGlobalSection
	GlobalSection(ExtensibilityGlobals) = postSolution
		SolutionGuid = {264DF108-233F-46EF-A068-973941A014DD}
	EndGlobalSection
EndGlobal
